
Microsoft Visual Studio Solution File, Format Version 12.00
# Visual Studio Version 17
VisualStudioVersion = 17.10.34607.79
MinimumVisualStudioVersion = 10.0.40219.1
Project("{9A19103F-16F7-4668-BE54-9A1E7A4F7556}") = "AdvertisingNetwork.AppHost", "AdvertisingNetwork.AppHost\AdvertisingNetwork.AppHost.csproj", "{C3E25C2E-192A-4AC6-8CA2-292C286EDB5B}"
EndProject
Project("{9A19103F-16F7-4668-BE54-9A1E7A4F7556}") = "AdvertisingNetwork.ServiceDefaults", "AdvertisingNetwork.ServiceDefaults\AdvertisingNetwork.ServiceDefaults.csproj", "{C87E2FA6-65E0-43B9-8EE4-DB1E6DCAC26C}"
EndProject
Project("{9A19103F-16F7-4668-BE54-9A1E7A4F7556}") = "ContentService", "ContentService\ContentService.csproj", "{2B1AD241-8A5B-418D-B731-904C911AB4D4}"
EndProject
Project("{9A19103F-16F7-4668-BE54-9A1E7A4F7556}") = "AdSelectorService", "AdSelectorService\AdSelectorService.csproj", "{001E56A6-51F2-4E39-B466-3FAD5E6A055E}"
EndProject
Project("{9A19103F-16F7-4668-BE54-9A1E7A4F7556}") = "BiddingService", "BiddingService\BiddingService.csproj", "{D974C1BC-C3BD-4A76-AAC9-A13661EFCF57}"
EndProject
Project("{D954291E-2A0B-460D-934E-DC6B0785DB48}") = "SharedProject", "SharedModels\SharedProject.shproj", "{37DEF9BB-0308-4881-AE80-A8912F4F02CC}"
EndProject
Project("{9A19103F-16F7-4668-BE54-9A1E7A4F7556}") = "IndentityServer", "IndentityServer\IndentityServer.csproj", "{145246C8-C695-4089-8946-0A2396B8C572}"
EndProject
Project("{9A19103F-16F7-4668-BE54-9A1E7A4F7556}") = "TestPublisherProject", "TestPublisherProject\TestPublisherProject.csproj", "{3F10DEFC-FBDF-4196-B9CB-4BACA05DA187}"
EndProject
Project("{9A19103F-16F7-4668-BE54-9A1E7A4F7556}") = "AdEventingSignalRService", "AdEventingSignalRService\AdEventingSignalRService.csproj", "{11E47838-F268-459D-A7F2-4F90A1C53659}"
EndProject
Project("{9A19103F-16F7-4668-BE54-9A1E7A4F7556}") = "AdProviderService", "AdProviderService\AdProviderService.csproj", "{4263D443-233D-4B0E-8126-D1A6E9404FAD}"
EndProject
Project("{9A19103F-16F7-4668-BE54-9A1E7A4F7556}") = "AdvertisersWebService", "AdvertisersWebService\AdvertisersWebService.csproj", "{0780FABF-82C1-4317-B44D-EB9F47CE8900}"
EndProject
Global
	GlobalSection(SolutionConfigurationPlatforms) = preSolution
		Debug|Any CPU = Debug|Any CPU
		Release|Any CPU = Release|Any CPU
	EndGlobalSection
	GlobalSection(ProjectConfigurationPlatforms) = postSolution
		{C3E25C2E-192A-4AC6-8CA2-292C286EDB5B}.Debug|Any CPU.ActiveCfg = Debug|Any CPU
		{C3E25C2E-192A-4AC6-8CA2-292C286EDB5B}.Debug|Any CPU.Build.0 = Debug|Any CPU
		{C3E25C2E-192A-4AC6-8CA2-292C286EDB5B}.Release|Any CPU.ActiveCfg = Release|Any CPU
		{C3E25C2E-192A-4AC6-8CA2-292C286EDB5B}.Release|Any CPU.Build.0 = Release|Any CPU
		{C87E2FA6-65E0-43B9-8EE4-DB1E6DCAC26C}.Debug|Any CPU.ActiveCfg = Debug|Any CPU
		{C87E2FA6-65E0-43B9-8EE4-DB1E6DCAC26C}.Debug|Any CPU.Build.0 = Debug|Any CPU
		{C87E2FA6-65E0-43B9-8EE4-DB1E6DCAC26C}.Release|Any CPU.ActiveCfg = Release|Any CPU
		{C87E2FA6-65E0-43B9-8EE4-DB1E6DCAC26C}.Release|Any CPU.Build.0 = Release|Any CPU
		{2B1AD241-8A5B-418D-B731-904C911AB4D4}.Debug|Any CPU.ActiveCfg = Debug|Any CPU
		{2B1AD241-8A5B-418D-B731-904C911AB4D4}.Debug|Any CPU.Build.0 = Debug|Any CPU
		{2B1AD241-8A5B-418D-B731-904C911AB4D4}.Release|Any CPU.ActiveCfg = Release|Any CPU
		{2B1AD241-8A5B-418D-B731-904C911AB4D4}.Release|Any CPU.Build.0 = Release|Any CPU
		{001E56A6-51F2-4E39-B466-3FAD5E6A055E}.Debug|Any CPU.ActiveCfg = Debug|Any CPU
		{001E56A6-51F2-4E39-B466-3FAD5E6A055E}.Debug|Any CPU.Build.0 = Debug|Any CPU
		{001E56A6-51F2-4E39-B466-3FAD5E6A055E}.Release|Any CPU.ActiveCfg = Release|Any CPU
		{001E56A6-51F2-4E39-B466-3FAD5E6A055E}.Release|Any CPU.Build.0 = Release|Any CPU
		{D974C1BC-C3BD-4A76-AAC9-A13661EFCF57}.Debug|Any CPU.ActiveCfg = Debug|Any CPU
		{D974C1BC-C3BD-4A76-AAC9-A13661EFCF57}.Debug|Any CPU.Build.0 = Debug|Any CPU
		{D974C1BC-C3BD-4A76-AAC9-A13661EFCF57}.Release|Any CPU.ActiveCfg = Release|Any CPU
		{D974C1BC-C3BD-4A76-AAC9-A13661EFCF57}.Release|Any CPU.Build.0 = Release|Any CPU
		{145246C8-C695-4089-8946-0A2396B8C572}.Debug|Any CPU.ActiveCfg = Debug|Any CPU
		{145246C8-C695-4089-8946-0A2396B8C572}.Debug|Any CPU.Build.0 = Debug|Any CPU
		{145246C8-C695-4089-8946-0A2396B8C572}.Release|Any CPU.ActiveCfg = Release|Any CPU
		{145246C8-C695-4089-8946-0A2396B8C572}.Release|Any CPU.Build.0 = Release|Any CPU
		{3F10DEFC-FBDF-4196-B9CB-4BACA05DA187}.Debug|Any CPU.ActiveCfg = Debug|Any CPU
		{3F10DEFC-FBDF-4196-B9CB-4BACA05DA187}.Debug|Any CPU.Build.0 = Debug|Any CPU
		{3F10DEFC-FBDF-4196-B9CB-4BACA05DA187}.Release|Any CPU.ActiveCfg = Release|Any CPU
		{3F10DEFC-FBDF-4196-B9CB-4BACA05DA187}.Release|Any CPU.Build.0 = Release|Any CPU
		{11E47838-F268-459D-A7F2-4F90A1C53659}.Debug|Any CPU.ActiveCfg = Debug|Any CPU
		{11E47838-F268-459D-A7F2-4F90A1C53659}.Debug|Any CPU.Build.0 = Debug|Any CPU
		{11E47838-F268-459D-A7F2-4F90A1C53659}.Release|Any CPU.ActiveCfg = Release|Any CPU
		{11E47838-F268-459D-A7F2-4F90A1C53659}.Release|Any CPU.Build.0 = Release|Any CPU
		{4263D443-233D-4B0E-8126-D1A6E9404FAD}.Debug|Any CPU.ActiveCfg = Debug|Any CPU
		{4263D443-233D-4B0E-8126-D1A6E9404FAD}.Debug|Any CPU.Build.0 = Debug|Any CPU
		{4263D443-233D-4B0E-8126-D1A6E9404FAD}.Release|Any CPU.ActiveCfg = Release|Any CPU
		{4263D443-233D-4B0E-8126-D1A6E9404FAD}.Release|Any CPU.Build.0 = Release|Any CPU
		{0780FABF-82C1-4317-B44D-EB9F47CE8900}.Debug|Any CPU.ActiveCfg = Debug|Any CPU
		{0780FABF-82C1-4317-B44D-EB9F47CE8900}.Debug|Any CPU.Build.0 = Debug|Any CPU
		{0780FABF-82C1-4317-B44D-EB9F47CE8900}.Release|Any CPU.ActiveCfg = Release|Any CPU
		{0780FABF-82C1-4317-B44D-EB9F47CE8900}.Release|Any CPU.Build.0 = Release|Any CPU
	EndGlobalSection
	GlobalSection(SolutionProperties) = preSolution
		HideSolutionNode = FALSE
	EndGlobalSection
	GlobalSection(ExtensibilityGlobals) = postSolution
		SolutionGuid = {B130DC24-5DC3-4769-B09F-95F4F10B27A1}
	EndGlobalSection
	GlobalSection(SharedMSBuildProjectFiles) = preSolution
		SharedModels\SharedModels.projitems*{0780fabf-82c1-4317-b44d-eb9f47ce8900}*SharedItemsImports = 5
		SharedModels\SharedModels.projitems*{2b1ad241-8a5b-418d-b731-904c911ab4d4}*SharedItemsImports = 5
		SharedModels\SharedModels.projitems*{37def9bb-0308-4881-ae80-a8912f4f02cc}*SharedItemsImports = 13
		SharedModels\SharedModels.projitems*{3f10defc-fbdf-4196-b9cb-4baca05da187}*SharedItemsImports = 5
	EndGlobalSection
EndGlobal
